github.com/dzello/reveal-hugo v0.0.0-20200513004858-ff9f389743ae h1:x2cMxkgkOshGVuUswcYK1Nda6s0QFff8QDOIt3eCfKA=
github.com/dzello/reveal-hugo v0.0.0-20200513004858-ff9f389743ae/go.mod h1:0S5eDEdHBx8tSj8veo9lUnuJRXa8WqmpANd0Lz7CLc8=
github.com/matcornic/hugo-theme-learn v0.0.0-20200601144331-3efb32712c5c h1:xPoHdfS2a/O/6q4LuhMtusqa6hP5f69d6LwiyfvkDfE=
github.com/matcornic/hugo-theme-learn v0.0.0-20200601144331-3efb32712c5c/go.mod h1:YoToDcvQxmAFhpEuapKUysBDEBckqDEssqTrmeZ2+uY=
